{
  "requires": true,
  "lockfileVersion": 1,
  "dependencies": {
    "inherits": {
      "version": "2.0.3",
      "resolved": "https://registry.npmjs.org/inherits/-/inherits-2.0.3.tgz",
      "integrity": "sha1-Yzwsg+PaQqUC9SRmAiSA9CCCYd4="
    },
    "queue": {
      "version": "5.0.0",
      "resolved": "https://registry.npmjs.org/queue/-/queue-5.0.0.tgz",
      "integrity": "sha512-2K9XzFpaho+lzRzyrFZVfzNSMq34/c0mRurL2Ciqy/+wShotbPDnl2COQjOpaJsKbNZQ28YMzQH96MTFdQD9AA==",
      "requires": {
        "inherits": "~2.0.3"
      }
    }
  }
}
